
Microsoft Visual Studio Solution File, Format Version 12.00
# Visual Studio Version 16
VisualStudioVersion = 16.0.30309.148
MinimumVisualStudioVersion = 10.0.40219.1
Project("{FAE04EC0-301F-11D3-BF4B-00C04F79EFBC}") = "HBP", "HBP\HBP.csproj", "{4BBC0D20-28F5-4870-BC71-68D756E0F60B}"
EndProject
Global
	GlobalSection(SolutionConfigurationPlatforms) = preSolution
		Debug|Any CPU = Debug|Any CPU
		Release|Any CPU = Release|Any CPU
	EndGlobalSection
	GlobalSection(ProjectConfigurationPlatforms) = postSolution
		{4BBC0D20-28F5-4870-BC71-68D756E0F60B}.Debug|Any CPU.ActiveCfg = Debug|Any CPU
		{4BBC0D20-28F5-4870-BC71-68D756E0F60B}.Debug|Any CPU.Build.0 = Debug|Any CPU
		{4BBC0D20-28F5-4870-BC71-68D756E0F60B}.Release|Any CPU.ActiveCfg = Release|Any CPU
		{4BBC0D20-28F5-4870-BC71-68D756E0F60B}.Release|Any CPU.Build.0 = Release|Any CPU
	EndGlobalSection
	GlobalSection(SolutionProperties) = preSolution
		HideSolutionNode = FALSE
	EndGlobalSection
	GlobalSection(ExtensibilityGlobals) = postSolution
		SolutionGuid = {5C7B149E-7C2F-46CB-B067-00D888440EF9}
	EndGlobalSection
EndGlobal
